{
  "version": "4",
  "specifiers": {
    "npm:@hono/trpc-server@~0.3.2": "0.3.2_@trpc+server@10.45.2_hono@4.6.3",
    "npm:@trpc/client@^10.45.2": "10.45.2_@trpc+server@10.45.2",
    "npm:@trpc/server@^10.45.2": "10.45.2",
    "npm:hono@^4.6.3": "4.6.3",
    "npm:zod@^3.23.8": "3.23.8"
  },
  "npm": {
    "@hono/trpc-server@0.3.2_@trpc+server@10.45.2_hono@4.6.3": {
      "integrity": "sha512-dTKDrSldjBn0hi9FjHOGdiHgMCWPoW5NaBUTQRNLyVL9JcJJu9oiwTFoIscPFxc9CF2rAeA8aRGHoFJK+A8cLw==",
      "dependencies": [
        "@trpc/server",
        "hono"
      ]
    },
    "@trpc/client@10.45.2_@trpc+server@10.45.2": {
      "integrity": "sha512-ykALM5kYWTLn1zYuUOZ2cPWlVfrXhc18HzBDyRhoPYN0jey4iQHEFSEowfnhg1RvYnrAVjNBgHNeSAXjrDbGwg==",
      "dependencies": [
        "@trpc/server"
      ]
    },
    "@trpc/server@10.45.2": {
      "integrity": "sha512-wOrSThNNE4HUnuhJG6PfDRp4L2009KDVxsd+2VYH8ro6o/7/jwYZ8Uu5j+VaW+mOmc8EHerHzGcdbGNQSAUPgg=="
    },
    "hono@4.6.3": {
      "integrity": "sha512-0LeEuBNFeSHGqZ9sNVVgZjB1V5fmhkBSB0hZrpqStSMLOWgfLy0dHOvrjbJh0H2khsjet6rbHfWTHY0kpYThKQ=="
    },
    "zod@3.23.8": {
      "integrity": "sha512-XBx9AXhXktjUqnepgTiE5flcKIYWi/rme0Eaj+5Y0lftuGBq+jyRu/md4WnuxqgP1ubdpNCsYEYPxrzVHD8d6g=="
    }
  },
  "workspace": {
    "dependencies": [
      "npm:@hono/trpc-server@~0.3.2",
      "npm:@trpc/client@^10.45.2",
      "npm:@trpc/server@^10.45.2",
      "npm:hono@^4.6.3",
      "npm:zod@^3.23.8"
    ]
  }
}
